
Microsoft Visual Studio Solution File, Format Version 12.00
# Visual Studio 15
VisualStudioVersion = 15.0.28010.2048
MinimumVisualStudioVersion = 10.0.40219.1
Project("{FAE04EC0-301F-11D3-BF4B-00C04F79EFBC}") = "Reverse_Integer", "Reverse_Integer\Reverse_Integer.csproj", "{2F359D65-D5B7-4849-B374-15C273EFB351}"
EndProject
Global
	GlobalSection(SolutionConfigurationPlatforms) = preSolution
		Debug|Any CPU = Debug|Any CPU
		Release|Any CPU = Release|Any CPU
	EndGlobalSection
	GlobalSection(ProjectConfigurationPlatforms) = postSolution
		{2F359D65-D5B7-4849-B374-15C273EFB351}.Debug|Any CPU.ActiveCfg = Debug|Any CPU
		{2F359D65-D5B7-4849-B374-15C273EFB351}.Debug|Any CPU.Build.0 = Debug|Any CPU
		{2F359D65-D5B7-4849-B374-15C273EFB351}.Release|Any CPU.ActiveCfg = Release|Any CPU
		{2F359D65-D5B7-4849-B374-15C273EFB351}.Release|Any CPU.Build.0 = Release|Any CPU
	EndGlobalSection
	GlobalSection(SolutionProperties) = preSolution
		HideSolutionNode = FALSE
	EndGlobalSection
	GlobalSection(ExtensibilityGlobals) = postSolution
		SolutionGuid = {882BED8C-5844-4F32-B5B7-B2757A850F71}
	EndGlobalSection
EndGlobal
