
Microsoft Visual Studio Solution File, Format Version 12.00
# Visual Studio 15
VisualStudioVersion = 15.0.28010.2048
MinimumVisualStudioVersion = 10.0.40219.1
Project("{FAE04EC0-301F-11D3-BF4B-00C04F79EFBC}") = "FizzBuzz", "FizzBuzz\FizzBuzz.csproj", "{1CC9B6ED-C310-4704-9BFE-12B2C5778E87}"
EndProject
Global
	GlobalSection(SolutionConfigurationPlatforms) = preSolution
		Debug|Any CPU = Debug|Any CPU
		Release|Any CPU = Release|Any CPU
	EndGlobalSection
	GlobalSection(ProjectConfigurationPlatforms) = postSolution
		{1CC9B6ED-C310-4704-9BFE-12B2C5778E87}.Debug|Any CPU.ActiveCfg = Debug|Any CPU
		{1CC9B6ED-C310-4704-9BFE-12B2C5778E87}.Debug|Any CPU.Build.0 = Debug|Any CPU
		{1CC9B6ED-C310-4704-9BFE-12B2C5778E87}.Release|Any CPU.ActiveCfg = Release|Any CPU
		{1CC9B6ED-C310-4704-9BFE-12B2C5778E87}.Release|Any CPU.Build.0 = Release|Any CPU
	EndGlobalSection
	GlobalSection(SolutionProperties) = preSolution
		HideSolutionNode = FALSE
	EndGlobalSection
	GlobalSection(ExtensibilityGlobals) = postSolution
		SolutionGuid = {C24C3CB0-2586-467A-9FED-7CD4F0624237}
	EndGlobalSection
EndGlobal
